<?xml version="1.0" encoding="utf-8"?>
<Project ToolsVersion="4.0" xmlns="http://schemas.microsoft.com/developer/msbuild/2003">
  <ItemGroup>
    <ClCompile Include="main.cpp" />
    <ClCompile Include="Calculators\Calc.cpp" />
    <ClCompile Include="Calculators\Algebra\Ax+By\AlgebraCalc AxBy.cpp" />
    <ClCompile Include="Source\AlgebraSelectScreen.cpp" />
    <ClCompile Include="Calculators\Algebra\Ax+By\AxBy Redo.cpp" />
    <ClCompile Include="Settings\Custom Colors\ColorSettings.cpp" />
    <ClCompile Include="Settings\Custom Colors\CustomColorSetting.cpp" />
    <ClCompile Include="Source\DebugWindow.cpp" />
    <ClCompile Include="Settings\SettingsScreen.cpp" />
    <ClCompile Include="Source\StandardSelectScreen.cpp" />
    <ClCompile Include="Source\GeometrySelectionScreen.cpp" />
    <ClCompile Include="Calculators\Geometry\Pathagorean.cpp" />
    <ClCompile Include="Settings\Custom Colors\ColorSettingWriteToFile.cpp" />
    <ClCompile Include="Settings\Reset Password\Reset Password.cpp" />
    <ClCompile Include="Calculators\Algebra\Ax^2+Bx+C\Parab Calc.cpp" />
  </ItemGroup>
  <ItemGroup>
    <ClInclude Include="Headers\Calc.h" />
    <ClInclude Include="Headers\Select.h" />
    <ClInclude Include="Headers\MenuBuilder.h" />
  </ItemGroup>
</Project>